
Microsoft Visual Studio Solution File, Format Version 12.00
# Visual Studio Version 17
VisualStudioVersion = 17.7.34003.232
MinimumVisualStudioVersion = 10.0.40219.1
Project("{8BC9CEB8-8B4A-11D0-8D11-00A0C91BC942}") = "Program", "Program.vcxproj", "{AA93BBA9-B316-470D-889B-B42543741C60}"
EndProject
Project("{8BC9CEB8-8B4A-11D0-8D11-00A0C91BC942}") = "Class 1th (Compile)", "..\Class 1th (Compile)\Class 1th (Compile).vcxproj", "{2FD9737A-BF1E-4670-831D-093F471E3EFD}"
EndProject
Project("{8BC9CEB8-8B4A-11D0-8D11-00A0C91BC942}") = "Class 2th (Variable and Constant)", "..\Class 2th (Variable and Constant)\Class 2th (Variable and Constant).vcxproj", "{8A29AC64-FF8A-41BA-B5A6-ED1A1C441713}"
EndProject
Project("{8BC9CEB8-8B4A-11D0-8D11-00A0C91BC942}") = "Class 3th (Bit)", "..\Class 3th\Class 3th.vcxproj", "{A2969FD0-6915-402C-852B-91D3305DED2C}"
EndProject
Global
	GlobalSection(SolutionConfigurationPlatforms) = preSolution
		Debug|x64 = Debug|x64
		Debug|x86 = Debug|x86
		Release|x64 = Release|x64
		Release|x86 = Release|x86
	EndGlobalSection
	GlobalSection(ProjectConfigurationPlatforms) = postSolution
		{AA93BBA9-B316-470D-889B-B42543741C60}.Debug|x64.ActiveCfg = Debug|x64
		{AA93BBA9-B316-470D-889B-B42543741C60}.Debug|x64.Build.0 = Debug|x64
		{AA93BBA9-B316-470D-889B-B42543741C60}.Debug|x86.ActiveCfg = Debug|Win32
		{AA93BBA9-B316-470D-889B-B42543741C60}.Debug|x86.Build.0 = Debug|Win32
		{AA93BBA9-B316-470D-889B-B42543741C60}.Release|x64.ActiveCfg = Release|x64
		{AA93BBA9-B316-470D-889B-B42543741C60}.Release|x64.Build.0 = Release|x64
		{AA93BBA9-B316-470D-889B-B42543741C60}.Release|x86.ActiveCfg = Release|Win32
		{AA93BBA9-B316-470D-889B-B42543741C60}.Release|x86.Build.0 = Release|Win32
		{2FD9737A-BF1E-4670-831D-093F471E3EFD}.Debug|x64.ActiveCfg = Debug|x64
		{2FD9737A-BF1E-4670-831D-093F471E3EFD}.Debug|x64.Build.0 = Debug|x64
		{2FD9737A-BF1E-4670-831D-093F471E3EFD}.Debug|x86.ActiveCfg = Debug|Win32
		{2FD9737A-BF1E-4670-831D-093F471E3EFD}.Debug|x86.Build.0 = Debug|Win32
		{2FD9737A-BF1E-4670-831D-093F471E3EFD}.Release|x64.ActiveCfg = Release|x64
		{2FD9737A-BF1E-4670-831D-093F471E3EFD}.Release|x64.Build.0 = Release|x64
		{2FD9737A-BF1E-4670-831D-093F471E3EFD}.Release|x86.ActiveCfg = Release|Win32
		{2FD9737A-BF1E-4670-831D-093F471E3EFD}.Release|x86.Build.0 = Release|Win32
		{8A29AC64-FF8A-41BA-B5A6-ED1A1C441713}.Debug|x64.ActiveCfg = Debug|x64
		{8A29AC64-FF8A-41BA-B5A6-ED1A1C441713}.Debug|x64.Build.0 = Debug|x64
		{8A29AC64-FF8A-41BA-B5A6-ED1A1C441713}.Debug|x86.ActiveCfg = Debug|Win32
		{8A29AC64-FF8A-41BA-B5A6-ED1A1C441713}.Debug|x86.Build.0 = Debug|Win32
		{8A29AC64-FF8A-41BA-B5A6-ED1A1C441713}.Release|x64.ActiveCfg = Release|x64
		{8A29AC64-FF8A-41BA-B5A6-ED1A1C441713}.Release|x64.Build.0 = Release|x64
		{8A29AC64-FF8A-41BA-B5A6-ED1A1C441713}.Release|x86.ActiveCfg = Release|Win32
		{8A29AC64-FF8A-41BA-B5A6-ED1A1C441713}.Release|x86.Build.0 = Release|Win32
		{A2969FD0-6915-402C-852B-91D3305DED2C}.Debug|x64.ActiveCfg = Debug|x64
		{A2969FD0-6915-402C-852B-91D3305DED2C}.Debug|x64.Build.0 = Debug|x64
		{A2969FD0-6915-402C-852B-91D3305DED2C}.Debug|x86.ActiveCfg = Debug|Win32
		{A2969FD0-6915-402C-852B-91D3305DED2C}.Debug|x86.Build.0 = Debug|Win32
		{A2969FD0-6915-402C-852B-91D3305DED2C}.Release|x64.ActiveCfg = Release|x64
		{A2969FD0-6915-402C-852B-91D3305DED2C}.Release|x64.Build.0 = Release|x64
		{A2969FD0-6915-402C-852B-91D3305DED2C}.Release|x86.ActiveCfg = Release|Win32
		{A2969FD0-6915-402C-852B-91D3305DED2C}.Release|x86.Build.0 = Release|Win32
	EndGlobalSection
	GlobalSection(SolutionProperties) = preSolution
		HideSolutionNode = FALSE
	EndGlobalSection
	GlobalSection(ExtensibilityGlobals) = postSolution
		SolutionGuid = {7202CE7C-7FC4-4877-A3D1-B438449A9A5B}
	EndGlobalSection
EndGlobal
